
Microsoft Visual Studio Solution File, Format Version 12.00
# Visual Studio Version 17
VisualStudioVersion = 17.10.35122.118
MinimumVisualStudioVersion = 10.0.40219.1
Project("{FAE04EC0-301F-11D3-BF4B-00C04F79EFBC}") = "OpenStackManager", "OpenStackManager.csproj", "{BA3D5DF2-F355-4B09-9C69-C4CC07D3B81C}"
EndProject
Global
	GlobalSection(SolutionConfigurationPlatforms) = preSolution
		Debug|Any CPU = Debug|Any CPU
		Release|Any CPU = Release|Any CPU
	EndGlobalSection
	GlobalSection(ProjectConfigurationPlatforms) = postSolution
		{BA3D5DF2-F355-4B09-9C69-C4CC07D3B81C}.Debug|Any CPU.ActiveCfg = Debug|Any CPU
		{BA3D5DF2-F355-4B09-9C69-C4CC07D3B81C}.Debug|Any CPU.Build.0 = Debug|Any CPU
		{BA3D5DF2-F355-4B09-9C69-C4CC07D3B81C}.Release|Any CPU.ActiveCfg = Release|Any CPU
		{BA3D5DF2-F355-4B09-9C69-C4CC07D3B81C}.Release|Any CPU.Build.0 = Release|Any CPU
	EndGlobalSection
	GlobalSection(SolutionProperties) = preSolution
		HideSolutionNode = FALSE
	EndGlobalSection
	GlobalSection(ExtensibilityGlobals) = postSolution
		SolutionGuid = {1CDFD4F3-CF99-4836-93C8-43B5F0866495}
	EndGlobalSection
EndGlobal
